<Solution>
  <Project Path="Orders.Api/Orders.Api.csproj" />
  <Project Path="Orders.Application/Orders.Application.csproj" />
  <Project Path="Orders.Domain.Tests/Orders.Domain.Tests.csproj" />
  <Project Path="Orders.Domain/Orders.Domain.csproj" />
  <Project Path="Orders.Infrastructure/Orders.Infrastructure.csproj" />
</Solution>
